
Microsoft Visual Studio Solution File, Format Version 12.00
# Visual Studio Version 17
VisualStudioVersion = 17.0.31903.59
MinimumVisualStudioVersion = 10.0.40219.1
Project("{9A19103F-16F7-4668-BE54-9A1E7A4F7556}") = "Send", "Send\Send.csproj", "{B259A778-65FF-476A-B838-7EC897123B75}"
EndProject
Project("{9A19103F-16F7-4668-BE54-9A1E7A4F7556}") = "Receive", "Receive\Receive.csproj", "{893C3430-0C9B-4373-8DF8-14D96DDDD868}"
EndProject
Project("{9A19103F-16F7-4668-BE54-9A1E7A4F7556}") = "NewTask", "NewTask\NewTask.csproj", "{1B358EE9-6886-440D-B007-9BA6F8D6B4DF}"
EndProject
Project("{2150E333-8FDC-42A3-9474-1A3956D46DE8}") = "HelloWorld", "HelloWorld", "{99A32A85-CFA6-4C70-9D87-B67690F48F89}"
EndProject
Project("{2150E333-8FDC-42A3-9474-1A3956D46DE8}") = "WorkQueues", "WorkQueues", "{6363F4A5-CB1A-44DF-8915-04615FB84E1B}"
EndProject
Project("{9A19103F-16F7-4668-BE54-9A1E7A4F7556}") = "Worker", "Worker\Worker.csproj", "{2B1CF346-D2C1-43F4-AADE-886A397E8615}"
EndProject
Project("{2150E333-8FDC-42A3-9474-1A3956D46DE8}") = "Publish-Subscribe", "Publish-Subscribe", "{6DC7C02E-2482-403A-8115-7CAD873E75E6}"
EndProject
Project("{FAE04EC0-301F-11D3-BF4B-00C04F79EFBC}") = "EmitLog", "EmitLog\EmitLog.csproj", "{4FCDBFDA-665B-4573-A59B-21EC697D69CC}"
EndProject
Project("{FAE04EC0-301F-11D3-BF4B-00C04F79EFBC}") = "ReceiveLog", "ReceiveLog\ReceiveLog.csproj", "{8CEB5131-3451-4D04-B343-19C4F4E98A36}"
EndProject
Project("{2150E333-8FDC-42A3-9474-1A3956D46DE8}") = "Routing", "Routing", "{58FB8AA2-5B73-4FE1-B2CD-D7CB2FA38388}"
EndProject
Project("{FAE04EC0-301F-11D3-BF4B-00C04F79EFBC}") = "EmitLogRouting", "EmitLogRouting\EmitLogRouting.csproj", "{DE0B6AD5-F61E-4EF8-B63B-3D8531FBC82C}"
EndProject
Project("{FAE04EC0-301F-11D3-BF4B-00C04F79EFBC}") = "ReceiveLogsRouting", "ReceiveLogsRouting\ReceiveLogsRouting.csproj", "{12749DF8-641B-42A5-AF3C-B9A9F91D4D46}"
EndProject
Project("{2150E333-8FDC-42A3-9474-1A3956D46DE8}") = "Topics", "Topics", "{989A8F4D-59D8-4B4C-8FB3-EB0439C6AB0E}"
EndProject
Project("{FAE04EC0-301F-11D3-BF4B-00C04F79EFBC}") = "ReceiveLogsTopic", "ReceiveLogsTopic\ReceiveLogsTopic.csproj", "{38FC7675-5C81-4FCB-BF63-E7E0053429AD}"
EndProject
Project("{FAE04EC0-301F-11D3-BF4B-00C04F79EFBC}") = "EmitLogTopic", "EmitLogTopic\EmitLogTopic.csproj", "{A591505B-BA1F-477B-BABB-C6161CD8D6C0}"
EndProject
Global
	GlobalSection(SolutionConfigurationPlatforms) = preSolution
		Debug|Any CPU = Debug|Any CPU
		Release|Any CPU = Release|Any CPU
	EndGlobalSection
	GlobalSection(ProjectConfigurationPlatforms) = postSolution
		{B259A778-65FF-476A-B838-7EC897123B75}.Debug|Any CPU.ActiveCfg = Debug|Any CPU
		{B259A778-65FF-476A-B838-7EC897123B75}.Debug|Any CPU.Build.0 = Debug|Any CPU
		{B259A778-65FF-476A-B838-7EC897123B75}.Release|Any CPU.ActiveCfg = Release|Any CPU
		{B259A778-65FF-476A-B838-7EC897123B75}.Release|Any CPU.Build.0 = Release|Any CPU
		{893C3430-0C9B-4373-8DF8-14D96DDDD868}.Debug|Any CPU.ActiveCfg = Debug|Any CPU
		{893C3430-0C9B-4373-8DF8-14D96DDDD868}.Debug|Any CPU.Build.0 = Debug|Any CPU
		{893C3430-0C9B-4373-8DF8-14D96DDDD868}.Release|Any CPU.ActiveCfg = Release|Any CPU
		{893C3430-0C9B-4373-8DF8-14D96DDDD868}.Release|Any CPU.Build.0 = Release|Any CPU
		{1B358EE9-6886-440D-B007-9BA6F8D6B4DF}.Debug|Any CPU.ActiveCfg = Debug|Any CPU
		{1B358EE9-6886-440D-B007-9BA6F8D6B4DF}.Debug|Any CPU.Build.0 = Debug|Any CPU
		{1B358EE9-6886-440D-B007-9BA6F8D6B4DF}.Release|Any CPU.ActiveCfg = Release|Any CPU
		{1B358EE9-6886-440D-B007-9BA6F8D6B4DF}.Release|Any CPU.Build.0 = Release|Any CPU
		{2B1CF346-D2C1-43F4-AADE-886A397E8615}.Debug|Any CPU.ActiveCfg = Debug|Any CPU
		{2B1CF346-D2C1-43F4-AADE-886A397E8615}.Debug|Any CPU.Build.0 = Debug|Any CPU
		{2B1CF346-D2C1-43F4-AADE-886A397E8615}.Release|Any CPU.ActiveCfg = Release|Any CPU
		{2B1CF346-D2C1-43F4-AADE-886A397E8615}.Release|Any CPU.Build.0 = Release|Any CPU
		{4FCDBFDA-665B-4573-A59B-21EC697D69CC}.Debug|Any CPU.ActiveCfg = Debug|Any CPU
		{4FCDBFDA-665B-4573-A59B-21EC697D69CC}.Debug|Any CPU.Build.0 = Debug|Any CPU
		{4FCDBFDA-665B-4573-A59B-21EC697D69CC}.Release|Any CPU.ActiveCfg = Release|Any CPU
		{4FCDBFDA-665B-4573-A59B-21EC697D69CC}.Release|Any CPU.Build.0 = Release|Any CPU
		{8CEB5131-3451-4D04-B343-19C4F4E98A36}.Debug|Any CPU.ActiveCfg = Debug|Any CPU
		{8CEB5131-3451-4D04-B343-19C4F4E98A36}.Debug|Any CPU.Build.0 = Debug|Any CPU
		{8CEB5131-3451-4D04-B343-19C4F4E98A36}.Release|Any CPU.ActiveCfg = Release|Any CPU
		{8CEB5131-3451-4D04-B343-19C4F4E98A36}.Release|Any CPU.Build.0 = Release|Any CPU
		{DE0B6AD5-F61E-4EF8-B63B-3D8531FBC82C}.Debug|Any CPU.ActiveCfg = Debug|Any CPU
		{DE0B6AD5-F61E-4EF8-B63B-3D8531FBC82C}.Debug|Any CPU.Build.0 = Debug|Any CPU
		{DE0B6AD5-F61E-4EF8-B63B-3D8531FBC82C}.Release|Any CPU.ActiveCfg = Release|Any CPU
		{DE0B6AD5-F61E-4EF8-B63B-3D8531FBC82C}.Release|Any CPU.Build.0 = Release|Any CPU
		{12749DF8-641B-42A5-AF3C-B9A9F91D4D46}.Debug|Any CPU.ActiveCfg = Debug|Any CPU
		{12749DF8-641B-42A5-AF3C-B9A9F91D4D46}.Debug|Any CPU.Build.0 = Debug|Any CPU
		{12749DF8-641B-42A5-AF3C-B9A9F91D4D46}.Release|Any CPU.ActiveCfg = Release|Any CPU
		{12749DF8-641B-42A5-AF3C-B9A9F91D4D46}.Release|Any CPU.Build.0 = Release|Any CPU
		{38FC7675-5C81-4FCB-BF63-E7E0053429AD}.Debug|Any CPU.ActiveCfg = Debug|Any CPU
		{38FC7675-5C81-4FCB-BF63-E7E0053429AD}.Debug|Any CPU.Build.0 = Debug|Any CPU
		{38FC7675-5C81-4FCB-BF63-E7E0053429AD}.Release|Any CPU.ActiveCfg = Release|Any CPU
		{38FC7675-5C81-4FCB-BF63-E7E0053429AD}.Release|Any CPU.Build.0 = Release|Any CPU
		{A591505B-BA1F-477B-BABB-C6161CD8D6C0}.Debug|Any CPU.ActiveCfg = Debug|Any CPU
		{A591505B-BA1F-477B-BABB-C6161CD8D6C0}.Debug|Any CPU.Build.0 = Debug|Any CPU
		{A591505B-BA1F-477B-BABB-C6161CD8D6C0}.Release|Any CPU.ActiveCfg = Release|Any CPU
		{A591505B-BA1F-477B-BABB-C6161CD8D6C0}.Release|Any CPU.Build.0 = Release|Any CPU
	EndGlobalSection
	GlobalSection(SolutionProperties) = preSolution
		HideSolutionNode = FALSE
	EndGlobalSection
	GlobalSection(NestedProjects) = preSolution
		{B259A778-65FF-476A-B838-7EC897123B75} = {99A32A85-CFA6-4C70-9D87-B67690F48F89}
		{893C3430-0C9B-4373-8DF8-14D96DDDD868} = {99A32A85-CFA6-4C70-9D87-B67690F48F89}
		{1B358EE9-6886-440D-B007-9BA6F8D6B4DF} = {6363F4A5-CB1A-44DF-8915-04615FB84E1B}
		{2B1CF346-D2C1-43F4-AADE-886A397E8615} = {6363F4A5-CB1A-44DF-8915-04615FB84E1B}
		{4FCDBFDA-665B-4573-A59B-21EC697D69CC} = {6DC7C02E-2482-403A-8115-7CAD873E75E6}
		{8CEB5131-3451-4D04-B343-19C4F4E98A36} = {6DC7C02E-2482-403A-8115-7CAD873E75E6}
		{DE0B6AD5-F61E-4EF8-B63B-3D8531FBC82C} = {58FB8AA2-5B73-4FE1-B2CD-D7CB2FA38388}
		{12749DF8-641B-42A5-AF3C-B9A9F91D4D46} = {58FB8AA2-5B73-4FE1-B2CD-D7CB2FA38388}
		{38FC7675-5C81-4FCB-BF63-E7E0053429AD} = {989A8F4D-59D8-4B4C-8FB3-EB0439C6AB0E}
		{A591505B-BA1F-477B-BABB-C6161CD8D6C0} = {989A8F4D-59D8-4B4C-8FB3-EB0439C6AB0E}
	EndGlobalSection
	GlobalSection(ExtensibilityGlobals) = postSolution
		SolutionGuid = {10F2AFD6-01CF-4405-BFA5-7444D8C2D95D}
	EndGlobalSection
EndGlobal
